
Microsoft Visual Studio Solution File, Format Version 12.00
# Visual Studio Version 16
VisualStudioVersion = 16.0.29926.136
MinimumVisualStudioVersion = 10.0.40219.1
Project("{FAE04EC0-301F-11D3-BF4B-00C04F79EFBC}") = "sandbox", "sandbox\sandbox.csproj", "{FF204467-B2D3-447D-8397-3C8AF9E9A3F8}"
EndProject
Global
	GlobalSection(SolutionConfigurationPlatforms) = preSolution
		Debug|Any CPU = Debug|Any CPU
		Release|Any CPU = Release|Any CPU
	EndGlobalSection
	GlobalSection(ProjectConfigurationPlatforms) = postSolution
		{FF204467-B2D3-447D-8397-3C8AF9E9A3F8}.Debug|Any CPU.ActiveCfg = Debug|Any CPU
		{FF204467-B2D3-447D-8397-3C8AF9E9A3F8}.Debug|Any CPU.Build.0 = Debug|Any CPU
		{FF204467-B2D3-447D-8397-3C8AF9E9A3F8}.Release|Any CPU.ActiveCfg = Release|Any CPU
		{FF204467-B2D3-447D-8397-3C8AF9E9A3F8}.Release|Any CPU.Build.0 = Release|Any CPU
	EndGlobalSection
	GlobalSection(SolutionProperties) = preSolution
		HideSolutionNode = FALSE
	EndGlobalSection
	GlobalSection(ExtensibilityGlobals) = postSolution
		SolutionGuid = {0FCC5953-4DA5-41C4-B369-F5B746CAC2B8}
	EndGlobalSection
EndGlobal
